
Microsoft Visual Studio Solution File, Format Version 12.00
# Visual Studio Version 17
VisualStudioVersion = 17.4.33213.308
MinimumVisualStudioVersion = 10.0.40219.1
Project("{9A19103F-16F7-4668-BE54-9A1E7A4F7556}") = "MagicVilla_Villa2", "MagicVilla_Villa2\MagicVilla_Villa2.csproj", "{25A0FE78-730C-4471-BC6B-D4561D4A2302}"
EndProject
Project("{FAE04EC0-301F-11D3-BF4B-00C04F79EFBC}") = "MagicVilla_Web", "MagicVilla_Web\MagicVilla_Web.csproj", "{2C5C6B97-0AC3-49DA-B449-433D62AFA144}"
EndProject
Project("{FAE04EC0-301F-11D3-BF4B-00C04F79EFBC}") = "MagicVilla_Utility", "MagicVilla_Utility\MagicVilla_Utility.csproj", "{CFBA6D1A-2A73-455E-9CBD-E52E68FF3D0C}"
EndProject
Global
	GlobalSection(SolutionConfigurationPlatforms) = preSolution
		Debug|Any CPU = Debug|Any CPU
		Release|Any CPU = Release|Any CPU
	EndGlobalSection
	GlobalSection(ProjectConfigurationPlatforms) = postSolution
		{25A0FE78-730C-4471-BC6B-D4561D4A2302}.Debug|Any CPU.ActiveCfg = Debug|Any CPU
		{25A0FE78-730C-4471-BC6B-D4561D4A2302}.Debug|Any CPU.Build.0 = Debug|Any CPU
		{25A0FE78-730C-4471-BC6B-D4561D4A2302}.Release|Any CPU.ActiveCfg = Release|Any CPU
		{25A0FE78-730C-4471-BC6B-D4561D4A2302}.Release|Any CPU.Build.0 = Release|Any CPU
		{2C5C6B97-0AC3-49DA-B449-433D62AFA144}.Debug|Any CPU.ActiveCfg = Debug|Any CPU
		{2C5C6B97-0AC3-49DA-B449-433D62AFA144}.Debug|Any CPU.Build.0 = Debug|Any CPU
		{2C5C6B97-0AC3-49DA-B449-433D62AFA144}.Release|Any CPU.ActiveCfg = Release|Any CPU
		{2C5C6B97-0AC3-49DA-B449-433D62AFA144}.Release|Any CPU.Build.0 = Release|Any CPU
		{CFBA6D1A-2A73-455E-9CBD-E52E68FF3D0C}.Debug|Any CPU.ActiveCfg = Debug|Any CPU
		{CFBA6D1A-2A73-455E-9CBD-E52E68FF3D0C}.Debug|Any CPU.Build.0 = Debug|Any CPU
		{CFBA6D1A-2A73-455E-9CBD-E52E68FF3D0C}.Release|Any CPU.ActiveCfg = Release|Any CPU
		{CFBA6D1A-2A73-455E-9CBD-E52E68FF3D0C}.Release|Any CPU.Build.0 = Release|Any CPU
	EndGlobalSection
	GlobalSection(SolutionProperties) = preSolution
		HideSolutionNode = FALSE
	EndGlobalSection
	GlobalSection(ExtensibilityGlobals) = postSolution
		SolutionGuid = {1CA3952F-2C6B-4C12-AAAA-11F0F8D641B9}
	EndGlobalSection
EndGlobal
